// !$*UTF8*$!
{
	archiveVersion = 1;
	classes = {
	};
	objectVersion = 48;
	objects = {

/* Begin PBXBuildFile section */
		5607213B20572C03009DE3DA /* DogParkViewController.swift in Sources */ = {isa = PBXBuildFile; fileRef = 5607213A20572C03009DE3DA /* DogParkViewController.swift */; };
		56275D9C203683E800C544BC /* BreedTableViewController.swift in Sources */ = {isa = PBXBuildFile; fileRef = 56275D9B203683E800C544BC /* BreedTableViewController.swift */; };
		56275DA220368AD700C544BC /* BreedViewControllerDelegate.swift in Sources */ = {isa = PBXBuildFile; fileRef = 56275DA120368AD700C544BC /* BreedViewControllerDelegate.swift */; };
		56275DA420379B5800C544BC /* LocationViewController.swift in Sources */ = {isa = PBXBuildFile; fileRef = 56275DA320379B5800C544BC /* LocationViewController.swift */; };
		562E257920382A48008C7204 /* NearbyTableViewController.swift in Sources */ = {isa = PBXBuildFile; fileRef = 562E257820382A48008C7204 /* NearbyTableViewController.swift */; };
		5637DB642037DC82005C9D6E /* acrobatics.json in Resources */ = {isa = PBXBuildFile; fileRef = 5637DB632037DC82005C9D6E /* acrobatics.json */; };
		564872CB1FE25E9A00D292FA /* AppDelegate.swift in Sources */ = {isa = PBXBuildFile; fileRef = 564872CA1FE25E9A00D292FA /* AppDelegate.swift */; };
		564872D21FE25E9A00D292FA /* Assets.xcassets in Resources */ = {isa = PBXBuildFile; fileRef = 564872D11FE25E9A00D292FA /* Assets.xcassets */; };
		5656B1751FE25F4D00C3240A /* LaunchScreen.storyboard in Resources */ = {isa = PBXBuildFile; fileRef = 5656B1731FE25F4C00C3240A /* LaunchScreen.storyboard */; };
		565EC152205DB24A00208F0E /* SelectDogViewController.swift in Sources */ = {isa = PBXBuildFile; fileRef = 565EC151205DB24A00208F0E /* SelectDogViewController.swift */; };
		566A86521FF801FF0020B6BA /* GoogleService-Info.plist in Resources */ = {isa = PBXBuildFile; fileRef = 566A86511FF801FF0020B6BA /* GoogleService-Info.plist */; };
		5681CE1320510C20009856E8 /* InboxTableViewController.swift in Sources */ = {isa = PBXBuildFile; fileRef = 5681CE1220510C20009856E8 /* InboxTableViewController.swift */; };
		5681CE15205258CC009856E8 /* SelectDogTableViewController.swift in Sources */ = {isa = PBXBuildFile; fileRef = 5681CE14205258CC009856E8 /* SelectDogTableViewController.swift */; };
		5681CE1720526499009856E8 /* FriendsTableViewController.swift in Sources */ = {isa = PBXBuildFile; fileRef = 5681CE1620526499009856E8 /* FriendsTableViewController.swift */; };
		5681CE1920528619009856E8 /* loading.json in Resources */ = {isa = PBXBuildFile; fileRef = 5681CE1820528618009856E8 /* loading.json */; };
		568BEC80203E73CE006DB9EB /* HomeViewController.swift in Sources */ = {isa = PBXBuildFile; fileRef = 568BEC7F203E73CE006DB9EB /* HomeViewController.swift */; };
		569A71E52000AF4700B74517 /* Main.storyboard in Resources */ = {isa = PBXBuildFile; fileRef = 569A71E42000AF4700B74517 /* Main.storyboard */; };
		569CFC5520243555009B0A6C /* Model.xcdatamodeld in Sources */ = {isa = PBXBuildFile; fileRef = 569CFC5320243555009B0A6C /* Model.xcdatamodeld */; };
		56A0C66E203BE6620006B1BE /* MapViewController.swift in Sources */ = {isa = PBXBuildFile; fileRef = 56A0C66D203BE6620006B1BE /* MapViewController.swift */; };
		56A0C670203BF90F0006B1BE /* ProfileViewController.swift in Sources */ = {isa = PBXBuildFile; fileRef = 56A0C66F203BF90F0006B1BE /* ProfileViewController.swift */; };
		56BFCBA52034237300DFD47C /* CustomFUIAuthPicker.swift in Sources */ = {isa = PBXBuildFile; fileRef = 56BFCBA42034237300DFD47C /* CustomFUIAuthPicker.swift */; };
		56D2939D205DC0C000319D28 /* DogPhotoCollectionViewCell.swift in Sources */ = {isa = PBXBuildFile; fileRef = 56D2939C205DC0C000319D28 /* DogPhotoCollectionViewCell.swift */; };
		56D5FEE22032CA9B0023C18A /* LaunchViewController.swift in Sources */ = {isa = PBXBuildFile; fileRef = 56D5FEE12032CA9B0023C18A /* LaunchViewController.swift */; };
		56D5FEE62032CAEE0023C18A /* IntroViewController.swift in Sources */ = {isa = PBXBuildFile; fileRef = 56D5FEE52032CAEE0023C18A /* IntroViewController.swift */; };
		56D5FEE82032CAFB0023C18A /* InputViewController.swift in Sources */ = {isa = PBXBuildFile; fileRef = 56D5FEE72032CAFB0023C18A /* InputViewController.swift */; };
		56FF5E2D205E2A8B00AAAEC3 /* Lobster-Regular.ttf in Resources */ = {isa = PBXBuildFile; fileRef = 568BEC8C203E7FCC006DB9EB /* Lobster-Regular.ttf */; };
		56FF5E2E205E2A9000AAAEC3 /* BebasNeue Bold.ttf in Resources */ = {isa = PBXBuildFile; fileRef = 568BEC89203E7F85006DB9EB /* BebasNeue Bold.ttf */; };
		56FF5E2F205E2A9000AAAEC3 /* BebasNeue Book.ttf in Resources */ = {isa = PBXBuildFile; fileRef = 568BEC83203E7F7A006DB9EB /* BebasNeue Book.ttf */; };
		56FF5E30205E2A9000AAAEC3 /* BebasNeue Light.ttf in Resources */ = {isa = PBXBuildFile; fileRef = 568BEC86203E7F80006DB9EB /* BebasNeue Light.ttf */; };
		56FF5E31205E2A9000AAAEC3 /* BebasNeue Regular.ttf in Resources */ = {isa = PBXBuildFile; fileRef = 568BEC88203E7F84006DB9EB /* BebasNeue Regular.ttf */; };
		56FF5E32205E2A9000AAAEC3 /* BebasNeue Thin.ttf in Resources */ = {isa = PBXBuildFile; fileRef = 568BEC87203E7F82006DB9EB /* BebasNeue Thin.ttf */; };
		5EF658A9875E659B58AECB4A /* Pods_Pawsy.framework in Frameworks */ = {isa = PBXBuildFile; fileRef = 07A10F8C70E1093DCE1DDEE8 /* Pods_Pawsy.framework */; };
/* End PBXBuildFile section */

/* Begin PBXFileReference section */
		07A10F8C70E1093DCE1DDEE8 /* Pods_Pawsy.framework */ = {isa = PBXFileReference; explicitFileType = wrapper.framework; includeInIndex = 0; path = Pods_Pawsy.framework; sourceTree = BUILT_PRODUCTS_DIR; };
		5607213A20572C03009DE3DA /* DogParkViewController.swift */ = {isa = PBXFileReference; lastKnownFileType = sourcecode.swift; path = DogParkViewController.swift; sourceTree = "<group>"; };
		56275D9B203683E800C544BC /* BreedTableViewController.swift */ = {isa = PBXFileReference; lastKnownFileType = sourcecode.swift; name = BreedTableViewController.swift; path = /Users/shantini/Pawsy/Pawsy/BreedTableViewController.swift; sourceTree = "<absolute>"; };
		56275DA120368AD700C544BC /* BreedViewControllerDelegate.swift */ = {isa = PBXFileReference; lastKnownFileType = sourcecode.swift; name = BreedViewControllerDelegate.swift; path = /Users/shantini/Pawsy/Pawsy/BreedViewControllerDelegate.swift; sourceTree = "<absolute>"; };
		56275DA320379B5800C544BC /* LocationViewController.swift */ = {isa = PBXFileReference; lastKnownFileType = sourcecode.swift; path = LocationViewController.swift; sourceTree = "<group>"; };
		562E257820382A48008C7204 /* NearbyTableViewController.swift */ = {isa = PBXFileReference; lastKnownFileType = sourcecode.swift; path = NearbyTableViewController.swift; sourceTree = "<group>"; };
		5637DB632037DC82005C9D6E /* acrobatics.json */ = {isa = PBXFileReference; fileEncoding = 4; lastKnownFileType = text.json; path = acrobatics.json; sourceTree = "<group>"; };
		564872C71FE25E9A00D292FA /* Pawsy.app */ = {isa = PBXFileReference; explicitFileType = wrapper.application; includeInIndex = 0; path = Pawsy.app; sourceTree = BUILT_PRODUCTS_DIR; };
		564872CA1FE25E9A00D292FA /* AppDelegate.swift */ = {isa = PBXFileReference; lastKnownFileType = sourcecode.swift; path = AppDelegate.swift; sourceTree = "<group>"; };
		564872D11FE25E9A00D292FA /* Assets.xcassets */ = {isa = PBXFileReference; lastKnownFileType = folder.assetcatalog; path = Assets.xcassets; sourceTree = "<group>"; };
		564872D61FE25E9A00D292FA /* Info.plist */ = {isa = PBXFileReference; lastKnownFileType = text.plist.xml; path = Info.plist; sourceTree = "<group>"; };
		5656B1731FE25F4C00C3240A /* LaunchScreen.storyboard */ = {isa = PBXFileReference; fileEncoding = 4; lastKnownFileType = file.storyboard; path = LaunchScreen.storyboard; sourceTree = "<group>"; };
		565EC151205DB24A00208F0E /* SelectDogViewController.swift */ = {isa = PBXFileReference; lastKnownFileType = sourcecode.swift; path = SelectDogViewController.swift; sourceTree = "<group>"; };
		566A86511FF801FF0020B6BA /* GoogleService-Info.plist */ = {isa = PBXFileReference; fileEncoding = 4; lastKnownFileType = text.plist.xml; path = "GoogleService-Info.plist"; sourceTree = "<group>"; };
		5681CE1220510C20009856E8 /* InboxTableViewController.swift */ = {isa = PBXFileReference; lastKnownFileType = sourcecode.swift; path = InboxTableViewController.swift; sourceTree = "<group>"; };
		5681CE14205258CC009856E8 /* SelectDogTableViewController.swift */ = {isa = PBXFileReference; lastKnownFileType = sourcecode.swift; path = SelectDogTableViewController.swift; sourceTree = "<group>"; };
		5681CE1620526499009856E8 /* FriendsTableViewController.swift */ = {isa = PBXFileReference; lastKnownFileType = sourcecode.swift; name = FriendsTableViewController.swift; path = /Users/shantini/Pawsy/Pawsy/FriendsTableViewController.swift; sourceTree = "<absolute>"; };
		5681CE1820528618009856E8 /* loading.json */ = {isa = PBXFileReference; fileEncoding = 4; lastKnownFileType = text.json; path = loading.json; sourceTree = "<group>"; };
		568BEC7F203E73CE006DB9EB /* HomeViewController.swift */ = {isa = PBXFileReference; lastKnownFileType = sourcecode.swift; path = HomeViewController.swift; sourceTree = "<group>"; };
		568BEC83203E7F7A006DB9EB /* BebasNeue Book.ttf */ = {isa = PBXFileReference; lastKnownFileType = file; path = "BebasNeue Book.ttf"; sourceTree = "<group>"; };
		568BEC86203E7F80006DB9EB /* BebasNeue Light.ttf */ = {isa = PBXFileReference; lastKnownFileType = file; path = "BebasNeue Light.ttf"; sourceTree = "<group>"; };
		568BEC87203E7F82006DB9EB /* BebasNeue Thin.ttf */ = {isa = PBXFileReference; lastKnownFileType = file; path = "BebasNeue Thin.ttf"; sourceTree = "<group>"; };
		568BEC88203E7F84006DB9EB /* BebasNeue Regular.ttf */ = {isa = PBXFileReference; lastKnownFileType = file; path = "BebasNeue Regular.ttf"; sourceTree = "<group>"; };
		568BEC89203E7F85006DB9EB /* BebasNeue Bold.ttf */ = {isa = PBXFileReference; lastKnownFileType = file; path = "BebasNeue Bold.ttf"; sourceTree = "<group>"; };
		568BEC8C203E7FCC006DB9EB /* Lobster-Regular.ttf */ = {isa = PBXFileReference; lastKnownFileType = file; path = "Lobster-Regular.ttf"; sourceTree = "<group>"; };
		569A71E42000AF4700B74517 /* Main.storyboard */ = {isa = PBXFileReference; lastKnownFileType = file.storyboard; path = Main.storyboard; sourceTree = "<group>"; };
		569CFC5420243555009B0A6C /* Model.xcdatamodel */ = {isa = PBXFileReference; lastKnownFileType = wrapper.xcdatamodel; path = Model.xcdatamodel; sourceTree = "<group>"; };
		56A0C66D203BE6620006B1BE /* MapViewController.swift */ = {isa = PBXFileReference; lastKnownFileType = sourcecode.swift; path = MapViewController.swift; sourceTree = "<group>"; };
		56A0C66F203BF90F0006B1BE /* ProfileViewController.swift */ = {isa = PBXFileReference; lastKnownFileType = sourcecode.swift; path = ProfileViewController.swift; sourceTree = "<group>"; };
		56BFCBA42034237300DFD47C /* CustomFUIAuthPicker.swift */ = {isa = PBXFileReference; lastKnownFileType = sourcecode.swift; path = CustomFUIAuthPicker.swift; sourceTree = "<group>"; };
		56D2939C205DC0C000319D28 /* DogPhotoCollectionViewCell.swift */ = {isa = PBXFileReference; lastKnownFileType = sourcecode.swift; path = DogPhotoCollectionViewCell.swift; sourceTree = "<group>"; };
		56D5FEE12032CA9B0023C18A /* LaunchViewController.swift */ = {isa = PBXFileReference; lastKnownFileType = sourcecode.swift; path = LaunchViewController.swift; sourceTree = "<group>"; };
		56D5FEE52032CAEE0023C18A /* IntroViewController.swift */ = {isa = PBXFileReference; lastKnownFileType = sourcecode.swift; path = IntroViewController.swift; sourceTree = "<group>"; };
		56D5FEE72032CAFB0023C18A /* InputViewController.swift */ = {isa = PBXFileReference; lastKnownFileType = sourcecode.swift; path = InputViewController.swift; sourceTree = "<group>"; };
		B30A718CC7010AA67D5F90B5 /* Pods-Pawsy.debug.xcconfig */ = {isa = PBXFileReference; includeInIndex = 1; lastKnownFileType = text.xcconfig; name = "Pods-Pawsy.debug.xcconfig"; path = "Pods/Target Support Files/Pods-Pawsy/Pods-Pawsy.debug.xcconfig"; sourceTree = "<group>"; };
		D0174B9DD0474232E8F215F8 /* Pods-Pawsy.release.xcconfig */ = {isa = PBXFileReference; includeInIndex = 1; lastKnownFileType = text.xcconfig; name = "Pods-Pawsy.release.xcconfig"; path = "Pods/Target Support Files/Pods-Pawsy/Pods-Pawsy.release.xcconfig"; sourceTree = "<group>"; };
/* End PBXFileReference section */

/* Begin PBXFrameworksBuildPhase section */
		564872C41FE25E9A00D292FA /* Frameworks */ = {
			isa = PBXFrameworksBuildPhase;
			buildActionMask = 2147483647;
			files = (
				5EF658A9875E659B58AECB4A /* Pods_Pawsy.framework in Frameworks */,
			);
			runOnlyForDeploymentPostprocessing = 0;
		};
/* End PBXFrameworksBuildPhase section */

/* Begin PBXGroup section */
		06F82032A75D0ACD43C337A7 /* Pods */ = {
			isa = PBXGroup;
			children = (
				B30A718CC7010AA67D5F90B5 /* Pods-Pawsy.debug.xcconfig */,
				D0174B9DD0474232E8F215F8 /* Pods-Pawsy.release.xcconfig */,
			);
			name = Pods;
			sourceTree = "<group>";
		};
		347D6584E85F3B02A5C78671 /* Frameworks */ = {
			isa = PBXGroup;
			children = (
				07A10F8C70E1093DCE1DDEE8 /* Pods_Pawsy.framework */,
			);
			name = Frameworks;
			sourceTree = "<group>";
		};
		564872BE1FE25E9A00D292FA = {
			isa = PBXGroup;
			children = (
				564872C91FE25E9A00D292FA /* Pawsy */,
				564872C81FE25E9A00D292FA /* Products */,
				06F82032A75D0ACD43C337A7 /* Pods */,
				347D6584E85F3B02A5C78671 /* Frameworks */,
			);
			sourceTree = "<group>";
		};
		564872C81FE25E9A00D292FA /* Products */ = {
			isa = PBXGroup;
			children = (
				564872C71FE25E9A00D292FA /* Pawsy.app */,
			);
			name = Products;
			sourceTree = "<group>";
		};
		564872C91FE25E9A00D292FA /* Pawsy */ = {
			isa = PBXGroup;
			children = (
				568BEC81203E7F66006DB9EB /* Fonts */,
				564872D61FE25E9A00D292FA /* Info.plist */,
				566A86511FF801FF0020B6BA /* GoogleService-Info.plist */,
				569CFC5320243555009B0A6C /* Model.xcdatamodeld */,
				5637DB632037DC82005C9D6E /* acrobatics.json */,
				5681CE1820528618009856E8 /* loading.json */,
				5656B1731FE25F4C00C3240A /* LaunchScreen.storyboard */,
				569A71E42000AF4700B74517 /* Main.storyboard */,
				564872D11FE25E9A00D292FA /* Assets.xcassets */,
				5681CE1620526499009856E8 /* FriendsTableViewController.swift */,
				564872CA1FE25E9A00D292FA /* AppDelegate.swift */,
				56275DA120368AD700C544BC /* BreedViewControllerDelegate.swift */,
				56275D9B203683E800C544BC /* BreedTableViewController.swift */,
				5607213A20572C03009DE3DA /* DogParkViewController.swift */,
				56D2939C205DC0C000319D28 /* DogPhotoCollectionViewCell.swift */,
				56BFCBA42034237300DFD47C /* CustomFUIAuthPicker.swift */,
				568BEC7F203E73CE006DB9EB /* HomeViewController.swift */,
				5681CE1220510C20009856E8 /* InboxTableViewController.swift */,
				56D5FEE52032CAEE0023C18A /* IntroViewController.swift */,
				56D5FEE72032CAFB0023C18A /* InputViewController.swift */,
				56D5FEE12032CA9B0023C18A /* LaunchViewController.swift */,
				56275DA320379B5800C544BC /* LocationViewController.swift */,
				56A0C66D203BE6620006B1BE /* MapViewController.swift */,
				562E257820382A48008C7204 /* NearbyTableViewController.swift */,
				56A0C66F203BF90F0006B1BE /* ProfileViewController.swift */,
				5681CE14205258CC009856E8 /* SelectDogTableViewController.swift */,
				565EC151205DB24A00208F0E /* SelectDogViewController.swift */,
			);
			path = Pawsy;
			sourceTree = "<group>";
		};
		568BEC81203E7F66006DB9EB /* Fonts */ = {
			isa = PBXGroup;
			children = (
				568BEC8C203E7FCC006DB9EB /* Lobster-Regular.ttf */,
				568BEC89203E7F85006DB9EB /* BebasNeue Bold.ttf */,
				568BEC83203E7F7A006DB9EB /* BebasNeue Book.ttf */,
				568BEC86203E7F80006DB9EB /* BebasNeue Light.ttf */,
				568BEC88203E7F84006DB9EB /* BebasNeue Regular.ttf */,
				568BEC87203E7F82006DB9EB /* BebasNeue Thin.ttf */,
			);
			path = Fonts;
			sourceTree = "<group>";
		};
/* End PBXGroup section */

/* Begin PBXNativeTarget section */
		564872C61FE25E9A00D292FA /* Pawsy */ = {
			isa = PBXNativeTarget;
			buildConfigurationList = 564872D91FE25E9A00D292FA /* Build configuration list for PBXNativeTarget "Pawsy" */;
			buildPhases = (
				EF492956098201840A35D9D9 /* [CP] Check Pods Manifest.lock */,
				564872C31FE25E9A00D292FA /* Sources */,
				564872C41FE25E9A00D292FA /* Frameworks */,
				564872C51FE25E9A00D292FA /* Resources */,
				D52502FF84F74BEE7B489ED6 /* [CP] Embed Pods Frameworks */,
				0B3A1433C7B1310E51E0494F /* [CP] Copy Pods Resources */,
			);
			buildRules = (
			);
			dependencies = (
			);
			name = Pawsy;
			productName = Pawsy;
			productReference = 564872C71FE25E9A00D292FA /* Pawsy.app */;
			productType = "com.apple.product-type.application";
		};
/* End PBXNativeTarget section */

/* Begin PBXProject section */
		564872BF1FE25E9A00D292FA /* Project object */ = {
			isa = PBXProject;
			attributes = {
				LastSwiftUpdateCheck = 0920;
				LastUpgradeCheck = 0920;
				ORGANIZATIONNAME = Pawsy.dog;
				TargetAttributes = {
					564872C61FE25E9A00D292FA = {
						CreatedOnToolsVersion = 9.2;
						ProvisioningStyle = Automatic;
					};
				};
			};
			buildConfigurationList = 564872C21FE25E9A00D292FA /* Build configuration list for PBXProject "Pawsy" */;
			compatibilityVersion = "Xcode 8.0";
			developmentRegion = en;
			hasScannedForEncodings = 0;
			knownRegions = (
				en,
				Base,
			);
			mainGroup = 564872BE1FE25E9A00D292FA;
			productRefGroup = 564872C81FE25E9A00D292FA /* Products */;
			projectDirPath = "";
			projectRoot = "";
			targets = (
				564872C61FE25E9A00D292FA /* Pawsy */,
			);
		};
/* End PBXProject section */

/* Begin PBXResourcesBuildPhase section */
		564872C51FE25E9A00D292FA /* Resources */ = {
			isa = PBXResourcesBuildPhase;
			buildActionMask = 2147483647;
			files = (
				56FF5E31205E2A9000AAAEC3 /* BebasNeue Regular.ttf in Resources */,
				564872D21FE25E9A00D292FA /* Assets.xcassets in Resources */,
				56FF5E30205E2A9000AAAEC3 /* BebasNeue Light.ttf in Resources */,
				56FF5E2F205E2A9000AAAEC3 /* BebasNeue Book.ttf in Resources */,
				56FF5E2E205E2A9000AAAEC3 /* BebasNeue Bold.ttf in Resources */,
				5656B1751FE25F4D00C3240A /* LaunchScreen.storyboard in Resources */,
				5681CE1920528619009856E8 /* loading.json in Resources */,
				56FF5E2D205E2A8B00AAAEC3 /* Lobster-Regular.ttf in Resources */,
				5637DB642037DC82005C9D6E /* acrobatics.json in Resources */,
				569A71E52000AF4700B74517 /* Main.storyboard in Resources */,
				566A86521FF801FF0020B6BA /* GoogleService-Info.plist in Resources */,
				56FF5E32205E2A9000AAAEC3 /* BebasNeue Thin.ttf in Resources */,
			);
			runOnlyForDeploymentPostprocessing = 0;
		};
/* End PBXResourcesBuildPhase section */

/* Begin PBXShellScriptBuildPhase section */
		0B3A1433C7B1310E51E0494F /* [CP] Copy Pods Resources */ = {
			isa = PBXShellScriptBuildPhase;
			buildActionMask = 2147483647;
			files = (
			);
			inputPaths = (
				"${SRCROOT}/Pods/Target Support Files/Pods-Pawsy/Pods-Pawsy-resources.sh",
				"${PODS_CONFIGURATION_BUILD_DIR}/FirebaseUI/FirebaseAuthUI.bundle",
				"${PODS_CONFIGURATION_BUILD_DIR}/FirebaseUI/FirebaseFacebookAuthUI.bundle",
				"${PODS_CONFIGURATION_BUILD_DIR}/FirebaseUI/FirebaseGoogleAuthUI.bundle",
				"${PODS_ROOT}/GoogleMaps/Maps/Frameworks/GoogleMaps.framework/Resources/GoogleMaps.bundle",
				"${PODS_ROOT}/GooglePlacePicker/Frameworks/GooglePlacePicker.framework/Resources/GooglePlacePicker.bundle",
				"${PODS_ROOT}/GooglePlaces/Frameworks/GooglePlaces.framework/Resources/GooglePlaces.bundle",
				"${PODS_ROOT}/GoogleSignIn/Resources/GoogleSignIn.bundle",
			);
			name = "[CP] Copy Pods Resources";
			outputPaths = (
				"${TARGET_BUILD_DIR}/${UNLOCALIZED_RESOURCES_FOLDER_PATH}/FirebaseAuthUI.bundle",
				"${TARGET_BUILD_DIR}/${UNLOCALIZED_RESOURCES_FOLDER_PATH}/FirebaseFacebookAuthUI.bundle",
				"${TARGET_BUILD_DIR}/${UNLOCALIZED_RESOURCES_FOLDER_PATH}/FirebaseGoogleAuthUI.bundle",
				"${TARGET_BUILD_DIR}/${UNLOCALIZED_RESOURCES_FOLDER_PATH}/GoogleMaps.bundle",
				"${TARGET_BUILD_DIR}/${UNLOCALIZED_RESOURCES_FOLDER_PATH}/GooglePlacePicker.bundle",
				"${TARGET_BUILD_DIR}/${UNLOCALIZED_RESOURCES_FOLDER_PATH}/GooglePlaces.bundle",
				"${TARGET_BUILD_DIR}/${UNLOCALIZED_RESOURCES_FOLDER_PATH}/GoogleSignIn.bundle",
			);
			runOnlyForDeploymentPostprocessing = 0;
			shellPath = /bin/sh;
			shellScript = "\"${SRCROOT}/Pods/Target Support Files/Pods-Pawsy/Pods-Pawsy-resources.sh\"\n";
			showEnvVarsInLog = 0;
		};
		D52502FF84F74BEE7B489ED6 /* [CP] Embed Pods Frameworks */ = {
			isa = PBXShellScriptBuildPhase;
			buildActionMask = 2147483647;
			files = (
			);
			inputPaths = (
				"${SRCROOT}/Pods/Target Support Files/Pods-Pawsy/Pods-Pawsy-frameworks.sh",
				"${BUILT_PRODUCTS_DIR}/Alamofire/Alamofire.framework",
				"${BUILT_PRODUCTS_DIR}/Bolts/Bolts.framework",
				"${BUILT_PRODUCTS_DIR}/BoringSSL/openssl.framework",
				"${BUILT_PRODUCTS_DIR}/Cloudinary/Cloudinary.framework",
				"${BUILT_PRODUCTS_DIR}/DLRadioButton/DLRadioButton.framework",
				"${BUILT_PRODUCTS_DIR}/FBSDKCoreKit/FBSDKCoreKit.framework",
				"${BUILT_PRODUCTS_DIR}/FBSDKLoginKit/FBSDKLoginKit.framework",
				"${BUILT_PRODUCTS_DIR}/GTMOAuth2/GTMOAuth2.framework",
				"${BUILT_PRODUCTS_DIR}/GTMSessionFetcher/GTMSessionFetcher.framework",
				"${BUILT_PRODUCTS_DIR}/GoogleToolboxForMac/GoogleToolboxForMac.framework",
				"${BUILT_PRODUCTS_DIR}/Protobuf/Protobuf.framework",
				"${BUILT_PRODUCTS_DIR}/SwiftHTTP/SwiftHTTP.framework",
				"${BUILT_PRODUCTS_DIR}/SwiftyJSON/SwiftyJSON.framework",
				"${BUILT_PRODUCTS_DIR}/gRPC/GRPCClient.framework",
				"${BUILT_PRODUCTS_DIR}/gRPC-Core/grpc.framework",
				"${BUILT_PRODUCTS_DIR}/gRPC-ProtoRPC/ProtoRPC.framework",
				"${BUILT_PRODUCTS_DIR}/gRPC-RxLibrary/RxLibrary.framework",
				"${BUILT_PRODUCTS_DIR}/leveldb-library/leveldb.framework",
				"${BUILT_PRODUCTS_DIR}/lottie-ios/Lottie.framework",
				"${BUILT_PRODUCTS_DIR}/nanopb/nanopb.framework",
			);
			name = "[CP] Embed Pods Frameworks";
			outputPaths = (
				"${TARGET_BUILD_DIR}/${FRAMEWORKS_FOLDER_PATH}/Alamofire.framework",
				"${TARGET_BUILD_DIR}/${FRAMEWORKS_FOLDER_PATH}/Bolts.framework",
				"${TARGET_BUILD_DIR}/${FRAMEWORKS_FOLDER_PATH}/openssl.framework",
				"${TARGET_BUILD_DIR}/${FRAMEWORKS_FOLDER_PATH}/Cloudinary.framework",
				"${TARGET_BUILD_DIR}/${FRAMEWORKS_FOLDER_PATH}/DLRadioButton.framework",
				"${TARGET_BUILD_DIR}/${FRAMEWORKS_FOLDER_PATH}/FBSDKCoreKit.framework",
				"${TARGET_BUILD_DIR}/${FRAMEWORKS_FOLDER_PATH}/FBSDKLoginKit.framework",
				"${TARGET_BUILD_DIR}/${FRAMEWORKS_FOLDER_PATH}/GTMOAuth2.framework",
				"${TARGET_BUILD_DIR}/${FRAMEWORKS_FOLDER_PATH}/GTMSessionFetcher.framework",
				"${TARGET_BUILD_DIR}/${FRAMEWORKS_FOLDER_PATH}/GoogleToolboxForMac.framework",
				"${TARGET_BUILD_DIR}/${FRAMEWORKS_FOLDER_PATH}/Protobuf.framework",
				"${TARGET_BUILD_DIR}/${FRAMEWORKS_FOLDER_PATH}/SwiftHTTP.framework",
				"${TARGET_BUILD_DIR}/${FRAMEWORKS_FOLDER_PATH}/SwiftyJSON.framework",
				"${TARGET_BUILD_DIR}/${FRAMEWORKS_FOLDER_PATH}/GRPCClient.framework",
				"${TARGET_BUILD_DIR}/${FRAMEWORKS_FOLDER_PATH}/grpc.framework",
				"${TARGET_BUILD_DIR}/${FRAMEWORKS_FOLDER_PATH}/ProtoRPC.framework",
				"${TARGET_BUILD_DIR}/${FRAMEWORKS_FOLDER_PATH}/RxLibrary.framework",
				"${TARGET_BUILD_DIR}/${FRAMEWORKS_FOLDER_PATH}/leveldb.framework",
				"${TARGET_BUILD_DIR}/${FRAMEWORKS_FOLDER_PATH}/Lottie.framework",
				"${TARGET_BUILD_DIR}/${FRAMEWORKS_FOLDER_PATH}/nanopb.framework",
			);
			runOnlyForDeploymentPostprocessing = 0;
			shellPath = /bin/sh;
			shellScript = "\"${SRCROOT}/Pods/Target Support Files/Pods-Pawsy/Pods-Pawsy-frameworks.sh\"\n";
			showEnvVarsInLog = 0;
		};
		EF492956098201840A35D9D9 /* [CP] Check Pods Manifest.lock */ = {
			isa = PBXShellScriptBuildPhase;
			buildActionMask = 2147483647;
			files = (
			);
			inputPaths = (
				"${PODS_PODFILE_DIR_PATH}/Podfile.lock",
				"${PODS_ROOT}/Manifest.lock",
			);
			name = "[CP] Check Pods Manifest.lock";
			outputPaths = (
				"$(DERIVED_FILE_DIR)/Pods-Pawsy-checkManifestLockResult.txt",
			);
			runOnlyForDeploymentPostprocessing = 0;
			shellPath = /bin/sh;
			shellScript = "diff \"${PODS_PODFILE_DIR_PATH}/Podfile.lock\" \"${PODS_ROOT}/Manifest.lock\" > /dev/null\nif [ $? != 0 ] ; then\n    # print error to STDERR\n    echo \"error: The sandbox is not in sync with the Podfile.lock. Run 'pod install' or update your CocoaPods installation.\" >&2\n    exit 1\nfi\n# This output is used by Xcode 'outputs' to avoid re-running this script phase.\necho \"SUCCESS\" > \"${SCRIPT_OUTPUT_FILE_0}\"\n";
			showEnvVarsInLog = 0;
		};
/* End PBXShellScriptBuildPhase section */

/* Begin PBXSourcesBuildPhase section */
		564872C31FE25E9A00D292FA /* Sources */ = {
			isa = PBXSourcesBuildPhase;
			buildActionMask = 2147483647;
			files = (
				5681CE15205258CC009856E8 /* SelectDogTableViewController.swift in Sources */,
				56D5FEE62032CAEE0023C18A /* IntroViewController.swift in Sources */,
				5681CE1720526499009856E8 /* FriendsTableViewController.swift in Sources */,
				56275DA220368AD700C544BC /* BreedViewControllerDelegate.swift in Sources */,
				562E257920382A48008C7204 /* NearbyTableViewController.swift in Sources */,
				564872CB1FE25E9A00D292FA /* AppDelegate.swift in Sources */,
				56D5FEE82032CAFB0023C18A /* InputViewController.swift in Sources */,
				56D2939D205DC0C000319D28 /* DogPhotoCollectionViewCell.swift in Sources */,
				56BFCBA52034237300DFD47C /* CustomFUIAuthPicker.swift in Sources */,
				5681CE1320510C20009856E8 /* InboxTableViewController.swift in Sources */,
				5607213B20572C03009DE3DA /* DogParkViewController.swift in Sources */,
				56A0C670203BF90F0006B1BE /* ProfileViewController.swift in Sources */,
				565EC152205DB24A00208F0E /* SelectDogViewController.swift in Sources */,
				56A0C66E203BE6620006B1BE /* MapViewController.swift in Sources */,
				56D5FEE22032CA9B0023C18A /* LaunchViewController.swift in Sources */,
				56275DA420379B5800C544BC /* LocationViewController.swift in Sources */,
				56275D9C203683E800C544BC /* BreedTableViewController.swift in Sources */,
				568BEC80203E73CE006DB9EB /* HomeViewController.swift in Sources */,
				569CFC5520243555009B0A6C /* Model.xcdatamodeld in Sources */,
			);
			runOnlyForDeploymentPostprocessing = 0;
		};
/* End PBXSourcesBuildPhase section */

/* Begin XCBuildConfiguration section */
		564872D71FE25E9A00D292FA /* Debug */ = {
			isa = XCBuildConfiguration;
			buildSettings = {
				ALWAYS_SEARCH_USER_PATHS = NO;
				CLANG_ANALYZER_NONNULL = YES;
				CLANG_ANALYZER_NUMBER_OBJECT_CONVERSION = YES_AGGRESSIVE;
				CLANG_CXX_LANGUAGE_STANDARD = "gnu++14";
				CLANG_CXX_LIBRARY = "libc++";
				CLANG_ENABLE_MODULES = YES;
				CLANG_ENABLE_OBJC_ARC = YES;
				CLANG_WARN_BLOCK_CAPTURE_AUTORELEASING = YES;
				CLANG_WARN_BOOL_CONVERSION = YES;
				CLANG_WARN_COMMA = YES;
				CLANG_WARN_CONSTANT_CONVERSION = YES;
				CLANG_WARN_DIRECT_OBJC_ISA_USAGE = YES_ERROR;
				CLANG_WARN_DOCUMENTATION_COMMENTS = YES;
				CLANG_WARN_EMPTY_BODY = YES;
				CLANG_WARN_ENUM_CONVERSION = YES;
				CLANG_WARN_INFINITE_RECURSION = YES;
				CLANG_WARN_INT_CONVERSION = YES;
				CLANG_WARN_NON_LITERAL_NULL_CONVERSION = YES;
				CLANG_WARN_OBJC_LITERAL_CONVERSION = YES;
				CLANG_WARN_OBJC_ROOT_CLASS = YES_ERROR;
				CLANG_WARN_RANGE_LOOP_ANALYSIS = YES;
				CLANG_WARN_STRICT_PROTOTYPES = YES;
				CLANG_WARN_SUSPICIOUS_MOVE = YES;
				CLANG_WARN_UNGUARDED_AVAILABILITY = YES_AGGRESSIVE;
				CLANG_WARN_UNREACHABLE_CODE = YES;
				CLANG_WARN__DUPLICATE_METHOD_MATCH = YES;
				CODE_SIGN_IDENTITY = "iPhone Developer";
				COPY_PHASE_STRIP = NO;
				DEBUG_INFORMATION_FORMAT = dwarf;
				ENABLE_STRICT_OBJC_MSGSEND = YES;
				ENABLE_TESTABILITY = YES;
				GCC_C_LANGUAGE_STANDARD = gnu11;
				GCC_DYNAMIC_NO_PIC = NO;
				GCC_NO_COMMON_BLOCKS = YES;
				GCC_OPTIMIZATION_LEVEL = 0;
				GCC_PREPROCESSOR_DEFINITIONS = (
					"DEBUG=1",
					"$(inherited)",
				);
				GCC_WARN_64_TO_32_BIT_CONVERSION = YES;
				GCC_WARN_ABOUT_RETURN_TYPE = YES_ERROR;
				GCC_WARN_UNDECLARED_SELECTOR = YES;
				GCC_WARN_UNINITIALIZED_AUTOS = YES_AGGRESSIVE;
				GCC_WARN_UNUSED_FUNCTION = YES;
				GCC_WARN_UNUSED_VARIABLE = YES;
				IPHONEOS_DEPLOYMENT_TARGET = 11.2;
				MTL_ENABLE_DEBUG_INFO = YES;
				ONLY_ACTIVE_ARCH = YES;
				SDKROOT = iphoneos;
				SWIFT_ACTIVE_COMPILATION_CONDITIONS = DEBUG;
				SWIFT_OPTIMIZATION_LEVEL = "-Onone";
			};
			name = Debug;
		};
		564872D81FE25E9A00D292FA /* Release */ = {
			isa = XCBuildConfiguration;
			buildSettings = {
				ALWAYS_SEARCH_USER_PATHS = NO;
				CLANG_ANALYZER_NONNULL = YES;
				CLANG_ANALYZER_NUMBER_OBJECT_CONVERSION = YES_AGGRESSIVE;
				CLANG_CXX_LANGUAGE_STANDARD = "gnu++14";
				CLANG_CXX_LIBRARY = "libc++";
				CLANG_ENABLE_MODULES = YES;
				CLANG_ENABLE_OBJC_ARC = YES;
				CLANG_WARN_BLOCK_CAPTURE_AUTORELEASING = YES;
				CLANG_WARN_BOOL_CONVERSION = YES;
				CLANG_WARN_COMMA = YES;
				CLANG_WARN_CONSTANT_CONVERSION = YES;
				CLANG_WARN_DIRECT_OBJC_ISA_USAGE = YES_ERROR;
				CLANG_WARN_DOCUMENTATION_COMMENTS = YES;
				CLANG_WARN_EMPTY_BODY = YES;
				CLANG_WARN_ENUM_CONVERSION = YES;
				CLANG_WARN_INFINITE_RECURSION = YES;
				CLANG_WARN_INT_CONVERSION = YES;
				CLANG_WARN_NON_LITERAL_NULL_CONVERSION = YES;
				CLANG_WARN_OBJC_LITERAL_CONVERSION = YES;
				CLANG_WARN_OBJC_ROOT_CLASS = YES_ERROR;
				CLANG_WARN_RANGE_LOOP_ANALYSIS = YES;
				CLANG_WARN_STRICT_PROTOTYPES = YES;
				CLANG_WARN_SUSPICIOUS_MOVE = YES;
				CLANG_WARN_UNGUARDED_AVAILABILITY = YES_AGGRESSIVE;
				CLANG_WARN_UNREACHABLE_CODE = YES;
				CLANG_WARN__DUPLICATE_METHOD_MATCH = YES;
				CODE_SIGN_IDENTITY = "iPhone Developer";
				COPY_PHASE_STRIP = NO;
				DEBUG_INFORMATION_FORMAT = "dwarf-with-dsym";
				ENABLE_NS_ASSERTIONS = NO;
				ENABLE_STRICT_OBJC_MSGSEND = YES;
				GCC_C_LANGUAGE_STANDARD = gnu11;
				GCC_NO_COMMON_BLOCKS = YES;
				GCC_WARN_64_TO_32_BIT_CONVERSION = YES;
				GCC_WARN_ABOUT_RETURN_TYPE = YES_ERROR;
				GCC_WARN_UNDECLARED_SELECTOR = YES;
				GCC_WARN_UNINITIALIZED_AUTOS = YES_AGGRESSIVE;
				GCC_WARN_UNUSED_FUNCTION = YES;
				GCC_WARN_UNUSED_VARIABLE = YES;
				IPHONEOS_DEPLOYMENT_TARGET = 11.2;
				MTL_ENABLE_DEBUG_INFO = NO;
				SDKROOT = iphoneos;
				SWIFT_OPTIMIZATION_LEVEL = "-Owholemodule";
				VALIDATE_PRODUCT = YES;
			};
			name = Release;
		};
		564872DA1FE25E9A00D292FA /* Debug */ = {
			isa = XCBuildConfiguration;
			baseConfigurationReference = B30A718CC7010AA67D5F90B5 /* Pods-Pawsy.debug.xcconfig */;
			buildSettings = {
				ASSETCATALOG_COMPILER_APPICON_NAME = AppIcon;
				CODE_SIGN_STYLE = Automatic;
				DEVELOPMENT_TEAM = LVLYB83ZJM;
				INFOPLIST_FILE = Pawsy/Info.plist;
				IPHONEOS_DEPLOYMENT_TARGET = 11.0;
				LD_RUNPATH_SEARCH_PATHS = "$(inherited) @executable_path/Frameworks";
				PRODUCT_BUNDLE_IDENTIFIER = com.Pawsy;
				PRODUCT_NAME = "$(TARGET_NAME)";
				SWIFT_VERSION = 4.0;
				TARGETED_DEVICE_FAMILY = "1,2";
			};
			name = Debug;
		};
		564872DB1FE25E9A00D292FA /* Release */ = {
			isa = XCBuildConfiguration;
			baseConfigurationReference = D0174B9DD0474232E8F215F8 /* Pods-Pawsy.release.xcconfig */;
			buildSettings = {
				ASSETCATALOG_COMPILER_APPICON_NAME = AppIcon;
				CODE_SIGN_STYLE = Automatic;
				DEVELOPMENT_TEAM = LVLYB83ZJM;
				FRAMEWORK_SEARCH_PATHS = (
					"$(inherited)",
					"\"${PODS_CONFIGURATION_BUILD_DIR}/Alamofire\"",
					"\"${PODS_CONFIGURATION_BUILD_DIR}/Atlas\"",
					"\"${PODS_CONFIGURATION_BUILD_DIR}/Bolts\"",
					"\"${PODS_CONFIGURATION_BUILD_DIR}/Protobuf\"",
					"\"${PODS_CONFIGURATION_BUILD_DIR}/BoringSSL\"",
					"\"${PODS_CONFIGURATION_BUILD_DIR}/Cloudinary\"",
					"\"${PODS_CONFIGURATION_BUILD_DIR}/DLRadioButton\"",
					"\"${PODS_CONFIGURATION_BUILD_DIR}/FBSDKCoreKit\"",
					"\"${PODS_CONFIGURATION_BUILD_DIR}/FBSDKLoginKit\"",
					"\"${PODS_CONFIGURATION_BUILD_DIR}/GTMOAuth2\"",
					"\"${PODS_CONFIGURATION_BUILD_DIR}/GTMSessionFetcher\"",
					"\"${PODS_CONFIGURATION_BUILD_DIR}/GoogleToolboxForMac\"",
					"\"${PODS_CONFIGURATION_BUILD_DIR}/Koloda\"",
					"\"${PODS_CONFIGURATION_BUILD_DIR}/gRPC\"",
					"\"${PODS_CONFIGURATION_BUILD_DIR}/gRPC-Core\"",
					"\"${PODS_CONFIGURATION_BUILD_DIR}/gRPC-ProtoRPC\"",
					"\"${PODS_CONFIGURATION_BUILD_DIR}/gRPC-RxLibrary\"",
					"\"${PODS_CONFIGURATION_BUILD_DIR}/leveldb-library\"",
					"\"${PODS_CONFIGURATION_BUILD_DIR}/lottie-ios\"",
					"\"${PODS_CONFIGURATION_BUILD_DIR}/nanopb\"",
					"\"${PODS_CONFIGURATION_BUILD_DIR}/pop\"",
					"\"${PODS_ROOT}/FirebaseAnalytics/Frameworks\"",
					"\"${PODS_ROOT}/FirebaseAuth/Frameworks\"",
					"\"${PODS_ROOT}/FirebaseCore/Frameworks\"",
					"\"${PODS_ROOT}/FirebaseFirestore/Frameworks\"",
					"\"${PODS_ROOT}/FirebaseInstanceID/Frameworks\"",
					"\"${PODS_ROOT}/FirebaseUI/FirebaseUIFrameworks/FirebaseAuthUI/Frameworks\"",
					"\"${PODS_ROOT}/FirebaseUI/FirebaseUIFrameworks/FirebaseFacebookAuthUI/Frameworks\"",
					"\"${PODS_ROOT}/FirebaseUI/FirebaseUIFrameworks/FirebaseGoogleAuthUI/Frameworks\"",
					"\"${PODS_ROOT}/GoogleMaps/Base/Frameworks\"",
					"\"${PODS_ROOT}/GoogleMaps/Maps/Frameworks\"",
					"\"${PODS_ROOT}/GooglePlacePicker/Frameworks\"",
					"\"${PODS_ROOT}/GooglePlaces/Frameworks\"",
					"\"${PODS_ROOT}/GoogleSignIn/Frameworks\"",
					"\"${PODS_ROOT}/LayerKit\"",
				);
				INFOPLIST_FILE = Pawsy/Info.plist;
				IPHONEOS_DEPLOYMENT_TARGET = 11.0;
				LD_RUNPATH_SEARCH_PATHS = "$(inherited) @executable_path/Frameworks";
				PRODUCT_BUNDLE_IDENTIFIER = com.Pawsy;
				PRODUCT_NAME = "$(TARGET_NAME)";
				SWIFT_VERSION = 4.0;
				TARGETED_DEVICE_FAMILY = "1,2";
			};
			name = Release;
		};
/* End XCBuildConfiguration section */

/* Begin XCConfigurationList section */
		564872C21FE25E9A00D292FA /* Build configuration list for PBXProject "Pawsy" */ = {
			isa = XCConfigurationList;
			buildConfigurations = (
				564872D71FE25E9A00D292FA /* Debug */,
				564872D81FE25E9A00D292FA /* Release */,
			);
			defaultConfigurationIsVisible = 0;
			defaultConfigurationName = Release;
		};
		564872D91FE25E9A00D292FA /* Build configuration list for PBXNativeTarget "Pawsy" */ = {
			isa = XCConfigurationList;
			buildConfigurations = (
				564872DA1FE25E9A00D292FA /* Debug */,
				564872DB1FE25E9A00D292FA /* Release */,
			);
			defaultConfigurationIsVisible = 0;
			defaultConfigurationName = Release;
		};
/* End XCConfigurationList section */

/* Begin XCVersionGroup section */
		569CFC5320243555009B0A6C /* Model.xcdatamodeld */ = {
			isa = XCVersionGroup;
			children = (
				569CFC5420243555009B0A6C /* Model.xcdatamodel */,
			);
			currentVersion = 569CFC5420243555009B0A6C /* Model.xcdatamodel */;
			path = Model.xcdatamodeld;
			sourceTree = "<group>";
			versionGroupType = wrapper.xcdatamodel;
		};
/* End XCVersionGroup section */
	};
	rootObject = 564872BF1FE25E9A00D292FA /* Project object */;
}
